<?xml version="1.0" encoding="utf-8"?>
<Project ToolsVersion="4.0" xmlns="http://schemas.microsoft.com/developer/msbuild/2003">
  <ItemGroup>
    <Filter Include="Source Files">
      <UniqueIdentifier>{4FC737F1-C7A5-4376-A066-2A32D752A2FF}</UniqueIdentifier>
      <Extensions>cpp;c;cc;cxx;c++;cppm;ixx;def;odl;idl;hpj;bat;asm;asmx</Extensions>
    </Filter>
    <Filter Include="Header Files">
      <UniqueIdentifier>{93995380-89BD-4b04-88EB-625FBE52EBFB}</UniqueIdentifier>
      <Extensions>h;hh;hpp;hxx;h++;hm;inl;inc;ipp;xsd</Extensions>
    </Filter>
    <Filter Include="Resource Files">
      <UniqueIdentifier>{67DA6AB6-F800-4c08-8B7A-83BB121AAD01}</UniqueIdentifier>
      <Extensions>rc;ico;cur;bmp;dlg;rc2;rct;bin;rgs;gif;jpg;jpeg;jpe;resx;tiff;tif;png;wav;mfcribbon-ms</Extensions>
    </Filter>
  </ItemGroup>
  <ItemGroup>
    <ClCompile Include="main.cpp">
      <Filter>Source Files</Filter>
    </ClCompile>
    <ClCompile Include="arrobj.cpp">
      <Filter>Source Files</Filter>
    </ClCompile>
    <ClCompile Include="recur.cpp">
      <Filter>Source Files</Filter>
    </ClCompile>
    <ClCompile Include="ruler.cpp">
      <Filter>Source Files</Filter>
    </ClCompile>
    <ClCompile Include="fun_ptr.cpp">
      <Filter>Source Files</Filter>
    </ClCompile>
    <ClCompile Include="arfupt.cpp">
      <Filter>Source Files</Filter>
    </ClCompile>
    <ClCompile Include="inline.cpp">
      <Filter>Source Files</Filter>
    </ClCompile>
    <ClCompile Include="firstref.cpp">
      <Filter>Source Files</Filter>
    </ClCompile>
    <ClCompile Include="secref.cpp">
      <Filter>Source Files</Filter>
    </ClCompile>
    <ClCompile Include="swaps.cpp">
      <Filter>Source Files</Filter>
    </ClCompile>
    <ClCompile Include="cubes.cpp">
      <Filter>Source Files</Filter>
    </ClCompile>
    <ClCompile Include="strc_ref.cpp">
      <Filter>Source Files</Filter>
    </ClCompile>
    <ClCompile Include="strquote.cpp">
      <Filter>Source Files</Filter>
    </ClCompile>
    <ClCompile Include="filefunc.cpp">
      <Filter>Source Files</Filter>
    </ClCompile>
    <ClCompile Include="left.cpp">
      <Filter>Source Files</Filter>
    </ClCompile>
    <ClCompile Include="leftover.cpp">
      <Filter>Source Files</Filter>
    </ClCompile>
    <ClCompile Include="funtemp.cpp">
      <Filter>Source Files</Filter>
    </ClCompile>
    <ClCompile Include="twotemps.cpp">
      <Filter>Source Files</Filter>
    </ClCompile>
    <ClCompile Include="twoswap.cpp">
      <Filter>Source Files</Filter>
    </ClCompile>
    <ClCompile Include="templover.cpp">
      <Filter>Source Files</Filter>
    </ClCompile>
    <ClCompile Include="choices.cpp">
      <Filter>Source Files</Filter>
    </ClCompile>
    <ClCompile Include="file1.cpp">
      <Filter>Source Files</Filter>
    </ClCompile>
    <ClCompile Include="file2.cpp">
      <Filter>Source Files</Filter>
    </ClCompile>
    <ClCompile Include="autoscp.cpp">
      <Filter>Source Files</Filter>
    </ClCompile>
    <ClCompile Include="external.cpp">
      <Filter>Source Files</Filter>
    </ClCompile>
    <ClCompile Include="support.cpp">
      <Filter>Source Files</Filter>
    </ClCompile>
    <ClCompile Include="twofile1.cpp">
      <Filter>Source Files</Filter>
    </ClCompile>
    <ClCompile Include="twofile2.cpp">
      <Filter>Source Files</Filter>
    </ClCompile>
    <ClCompile Include="static.cpp">
      <Filter>Source Files</Filter>
    </ClCompile>
    <ClCompile Include="newplace.cpp">
      <Filter>Source Files</Filter>
    </ClCompile>
    <ClCompile Include="namesp.cpp">
      <Filter>Source Files</Filter>
    </ClCompile>
    <ClCompile Include="usenmsp.cpp">
      <Filter>Source Files</Filter>
    </ClCompile>
    <ClCompile Include="stock00.cpp">
      <Filter>Source Files</Filter>
    </ClCompile>
    <ClCompile Include="usestok0.cpp">
      <Filter>Source Files</Filter>
    </ClCompile>
    <ClCompile Include="stock10.cpp">
      <Filter>Source Files</Filter>
    </ClCompile>
    <ClCompile Include="usestok1.cpp">
      <Filter>Source Files</Filter>
    </ClCompile>
    <ClCompile Include="stock20.cpp">
      <Filter>Source Files</Filter>
    </ClCompile>
    <ClCompile Include="usestok2.cpp">
      <Filter>Source Files</Filter>
    </ClCompile>
    <ClCompile Include="stack.cpp">
      <Filter>Source Files</Filter>
    </ClCompile>
    <ClCompile Include="stacker.cpp">
      <Filter>Source Files</Filter>
    </ClCompile>
    <ClCompile Include="mytime0.cpp">
      <Filter>Source Files</Filter>
    </ClCompile>
    <ClCompile Include="usetime0.cpp">
      <Filter>Source Files</Filter>
    </ClCompile>
    <ClCompile Include="mytime1.cpp">
      <Filter>Source Files</Filter>
    </ClCompile>
    <ClCompile Include="usetimes1.cpp">
      <Filter>Source Files</Filter>
    </ClCompile>
    <ClCompile Include="mytime2.cpp">
      <Filter>Source Files</Filter>
    </ClCompile>
    <ClCompile Include="usetime2.cpp">
      <Filter>Source Files</Filter>
    </ClCompile>
    <ClCompile Include="mytime3.cpp">
      <Filter>Source Files</Filter>
    </ClCompile>
    <ClCompile Include="usetime3.cpp">
      <Filter>Source Files</Filter>
    </ClCompile>
    <ClCompile Include="vect.cpp">
      <Filter>Source Files</Filter>
    </ClCompile>
    <ClCompile Include="myfirst.cpp">
      <Filter>Source Files</Filter>
    </ClCompile>
    <ClCompile Include="carrots.cpp">
      <Filter>Source Files</Filter>
    </ClCompile>
    <ClCompile Include="getinfo.cpp">
      <Filter>Source Files</Filter>
    </ClCompile>
    <ClCompile Include="sqrt.cpp">
      <Filter>Source Files</Filter>
    </ClCompile>
    <ClCompile Include="ourfunc.cpp">
      <Filter>Source Files</Filter>
    </ClCompile>
    <ClCompile Include="convert.cpp">
      <Filter>Source Files</Filter>
    </ClCompile>
    <ClCompile Include="limits.cpp">
      <Filter>Source Files</Filter>
    </ClCompile>
    <ClCompile Include="exceed.cpp">
      <Filter>Source Files</Filter>
    </ClCompile>
    <ClCompile Include="hexoct1.cpp">
      <Filter>Source Files</Filter>
    </ClCompile>
    <ClCompile Include="hexoct2.cpp">
      <Filter>Source Files</Filter>
    </ClCompile>
    <ClCompile Include="chartype.cpp">
      <Filter>Source Files</Filter>
    </ClCompile>
    <ClCompile Include="morechar.cpp">
      <Filter>Source Files</Filter>
    </ClCompile>
    <ClCompile Include="bondini.cpp">
      <Filter>Source Files</Filter>
    </ClCompile>
    <ClCompile Include="floatnum.cpp">
      <Filter>Source Files</Filter>
    </ClCompile>
    <ClCompile Include="fltadd.cpp">
      <Filter>Source Files</Filter>
    </ClCompile>
    <ClCompile Include="arith.cpp">
      <Filter>Source Files</Filter>
    </ClCompile>
    <ClCompile Include="divide.cpp">
      <Filter>Source Files</Filter>
    </ClCompile>
    <ClCompile Include="modulus.cpp">
      <Filter>Source Files</Filter>
    </ClCompile>
    <ClCompile Include="init.cpp">
      <Filter>Source Files</Filter>
    </ClCompile>
    <ClCompile Include="typecast.cpp">
      <Filter>Source Files</Filter>
    </ClCompile>
    <ClCompile Include="arrayone.cpp">
      <Filter>Source Files</Filter>
    </ClCompile>
    <ClCompile Include="strings.cpp">
      <Filter>Source Files</Filter>
    </ClCompile>
    <ClCompile Include="instr1.cpp">
      <Filter>Source Files</Filter>
    </ClCompile>
    <ClCompile Include="instr2.cpp">
      <Filter>Source Files</Filter>
    </ClCompile>
    <ClCompile Include="instr3.cpp">
      <Filter>Source Files</Filter>
    </ClCompile>
    <ClCompile Include="numstr.cpp">
      <Filter>Source Files</Filter>
    </ClCompile>
    <ClCompile Include="strtype1.cpp">
      <Filter>Source Files</Filter>
    </ClCompile>
    <ClCompile Include="strtype2.cpp">
      <Filter>Source Files</Filter>
    </ClCompile>
    <ClCompile Include="strtype3.cpp">
      <Filter>Source Files</Filter>
    </ClCompile>
    <ClCompile Include="strtype4.cpp">
      <Filter>Source Files</Filter>
    </ClCompile>
    <ClCompile Include="structur.cpp">
      <Filter>Source Files</Filter>
    </ClCompile>
    <ClCompile Include="assgn_st.cpp">
      <Filter>Source Files</Filter>
    </ClCompile>
    <ClCompile Include="arrstruc.cpp">
      <Filter>Source Files</Filter>
    </ClCompile>
    <ClCompile Include="address.cpp">
      <Filter>Source Files</Filter>
    </ClCompile>
    <ClCompile Include="pointer.cpp">
      <Filter>Source Files</Filter>
    </ClCompile>
    <ClCompile Include="init_ptr.cpp">
      <Filter>Source Files</Filter>
    </ClCompile>
    <ClCompile Include="use_new.cpp">
      <Filter>Source Files</Filter>
    </ClCompile>
    <ClCompile Include="arraynew.cpp">
      <Filter>Source Files</Filter>
    </ClCompile>
    <ClCompile Include="addpntrs.cpp">
      <Filter>Source Files</Filter>
    </ClCompile>
    <ClCompile Include="ptrstr.cpp">
      <Filter>Source Files</Filter>
    </ClCompile>
    <ClCompile Include="newstrct.cpp">
      <Filter>Source Files</Filter>
    </ClCompile>
    <ClCompile Include="delete.cpp">
      <Filter>Source Files</Filter>
    </ClCompile>
    <ClCompile Include="mixtypes.cpp">
      <Filter>Source Files</Filter>
    </ClCompile>
    <ClCompile Include="choices_0424.cpp">
      <Filter>Source Files</Filter>
    </ClCompile>
    <ClCompile Include="forloop.cpp">
      <Filter>Source Files</Filter>
    </ClCompile>
    <ClCompile Include="num_test.cpp">
      <Filter>Source Files</Filter>
    </ClCompile>
    <ClCompile Include="express.cpp">
      <Filter>Source Files</Filter>
    </ClCompile>
    <ClCompile Include="formore.cpp">
      <Filter>Source Files</Filter>
    </ClCompile>
    <ClCompile Include="bigstep.cpp">
      <Filter>Source Files</Filter>
    </ClCompile>
    <ClCompile Include="forstr1.cpp">
      <Filter>Source Files</Filter>
    </ClCompile>
  </ItemGroup>
  <ItemGroup>
    <ClInclude Include="coordin.h">
      <Filter>Header Files</Filter>
    </ClInclude>
    <ClInclude Include="namesp.h">
      <Filter>Header Files</Filter>
    </ClInclude>
    <ClInclude Include="stock00.h">
      <Filter>Header Files</Filter>
    </ClInclude>
    <ClInclude Include="stock10.h">
      <Filter>Header Files</Filter>
    </ClInclude>
    <ClInclude Include="stock20.h">
      <Filter>Header Files</Filter>
    </ClInclude>
    <ClInclude Include="stack.h">
      <Filter>Header Files</Filter>
    </ClInclude>
    <ClInclude Include="mytime0.h">
      <Filter>Header Files</Filter>
    </ClInclude>
    <ClInclude Include="mytime1.h">
      <Filter>Header Files</Filter>
    </ClInclude>
    <ClInclude Include="mytime2.h">
      <Filter>Header Files</Filter>
    </ClInclude>
    <ClInclude Include="mytime3.h">
      <Filter>Header Files</Filter>
    </ClInclude>
    <ClInclude Include="vect.h">
      <Filter>Header Files</Filter>
    </ClInclude>
  </ItemGroup>
</Project>